<Solution>
  <Project Path="01_Algoritma/01_Algoritma.csproj" />
  <Project Path="02_Degiskenler/02_Degiskenler.csproj" Id="dc18e8dd-d987-4579-a792-a63bf44cd913" />
  <Project Path="03_Operatorler/03_Operatorler.csproj" Id="815e3507-1da7-4ba9-95f3-e854f83ed5ea" />
  <Project Path="04_TurDonusumu/04_TurDonusumu.csproj" Id="5aa0cc27-95a6-478f-886d-1ae24c5b6372" />
  <Project Path="05_If_Else/05_If_Else.csproj" Id="63683ef4-d8a5-4c1b-8a43-5ca7c68392bf" />
  <Project Path="05_If_Else_2/05_If_Else_2.csproj" Id="cf25affb-0d60-4926-b968-b40fcb1a5d76" />
  <Project Path="06_Random/06_Random.csproj" Id="95ddf6ba-1356-43fd-906a-9638c815cc97" />
  <Project Path="07_OdevCozum_if_Else/07_OdevCozum_if_Else.csproj" Id="cba6abea-01a8-4601-920b-792cee64d622" />
  <Project Path="08_Switch_Case/08_Switch_Case.csproj" Id="bc3c1319-9f0b-4898-89aa-23a385045532" />
  <Project Path="09_Try_Catch/09_Try_Catch.csproj" Id="2d8f78b4-7854-41d9-82ac-ec8946c96255" />
  <Project Path="10_Do_While/10_Do_While.csproj" Id="cc43875a-80a3-45df-8153-7011a5878f40" />
  <Project Path="11_While/11_While.csproj" Id="a145b3b0-7d99-42bc-9ef6-c8f0194d8f7d" />
  <Project Path="12_OdevCozum/12_OdevCozum.csproj" Id="edf7c7bb-6248-4604-abfc-8ad2ffe7b2b1" />
  <Project Path="13_For/13_For.csproj" Id="1242fbf4-8f3c-4550-a57d-bcbcab751dcb" />
  <Project Path="14_Diziler/14_Diziler.csproj" Id="fc9e2506-145c-4c6e-8479-926ea5515136" />
  <Project Path="15_OtomatProje/15_OtomatProje.csproj" Id="7c967370-8629-4773-abfb-65ab51f97a53" />
  <Project Path="16_Math_Methodlar/16_Math_Methodlar.csproj" Id="f920fa7f-96e8-43fe-8963-839c225fe38e" />
  <Project Path="17_String_Methodlar/17_String_Methodlar.csproj" Id="791c39b8-58af-4ae4-8a45-95d350eac25d" />
  <Project Path="18_Methods/18_Methods.csproj" Id="d27c040f-f472-4536-9b65-38f35cfa47e2" />
  <Project Path="18_Methods_2/18_Methods_2.csproj" Id="ee0b09bb-3de6-4d60-9dc4-405c02c1fef3" />
  <Project Path="19_Returns_Methods/19_Returns_Methods.csproj" Id="a246c8d0-1043-4a22-9ca5-25a9c77c6356" />
  <Project Path="19_Returns_Methods2/19_Returns_Methods2.csproj" Id="58a4babb-6743-43f3-906f-edb469746130" />
  <Project Path="20_Overload_Methods/20_Overload_Methods.csproj" Id="a4227c76-7ba7-46a2-8db3-c41b770bf09e" />
  <Project Path="21_Params_Methods/21_Params_Methods.csproj" Id="f35dc02e-990b-473d-a14c-61b980018358" />
  <Project Path="22_OdevCozum/22_OdevCozum.csproj" Id="ae335073-f2e2-4cb9-855b-0bf8730f0408" />
  <Project Path="23_Optional_Parameters_And_Summary/23_Optional_Parameters_And_Summary.csproj" Id="80862c6e-a740-4ad2-b4c6-65607812ae14" />
  <Project Path="24_Ref_Out/24_Ref_Out.csproj" Id="440c038d-bcc3-412c-ab25-6c449a9d7e9e" />
  <Project Path="24_Ref_Out_2/24_Ref_Out_2.csproj" Id="ee833acb-3008-4702-bec6-b71ebc606964" />
  <Project Path="25_Recursive_Method/25_Recursive_Method.csproj" Id="7d07300a-d5c7-4688-b517-3c3abb8a4b85" />
  <Project Path="26_ArrayList/26_ArrayList.csproj" Id="bf7cead0-5fc9-4c85-9fe4-18e0bc559e54" />
  <Project Path="27_ManavOtomatProje/27_ManavOtomatProje.csproj" Id="ffb6418e-564d-4b2c-a7a7-db01612ccda1" />
  <Project Path="28_Queue/28_Queue.csproj" Id="88ee929e-b329-4dc7-97e5-0d55d88502e3" />
  <Project Path="29_Stack/29_Stack.csproj" Id="8e7dd754-9624-46cc-8ad8-134ac82a4427" />
  <Project Path="30_SortedList/30_SortedList.csproj" Id="46b939bc-cc7a-4213-805c-251ea17fb012" />
  <Project Path="31_HashTable/31_HashTable.csproj" Id="9563f3fe-7dc8-4e38-ab77-aea909695dd1" />
  <Project Path="32_List/32_List.csproj" Id="95243c87-6e4a-4d20-be9c-9645df5cf77a" />
  <Project Path="33_Class_Object/33_Class_Object.csproj" Id="b17c3fcb-e993-40ea-807a-28b94244cdc2" />
  <Project Path="33_Class_Object_2/33_Class_Object_2.csproj" Id="c28cb3c6-1854-4c1e-80d3-e8bf877ddbbd" />
  <Project Path="34_Enum/34_Enum.csproj" Id="93fce1b9-4ca2-483f-9c78-9126baeb9a09" />
  <Project Path="35_Class_Constructor/35_Class_Constructor.csproj" Id="4a72c1f6-0cba-44f3-a235-2c51db5e692e" />
  <Project Path="35_Class_Constructor_2/35_Class_Constructor_2.csproj" Id="b3e010f2-3314-4d53-b42a-594309f9ce8d" />
  <Project Path="35_Class_Constructor_ReadOnly_Const/35_Class_Constructor_ReadOnly_Const.csproj" Id="b1ea2a23-c7a1-4274-b0a9-09279fa57dbf" />
  <Project Path="36_OOP_Encapsulation/36_OOP_Encapsulation.csproj" Id="231ca7c3-e112-4312-92c5-b2dbb2796885" />
  <Project Path="36_OOP_Encapsulation_2/36_OOP_Encapsulation_2.csproj" Id="cf1791e5-22b1-41b9-80fe-94b7f80d5c4a" />
  <Project Path="36_OOP_Encapsulation_3/36_OOP_Encapsulation_3.csproj" Id="d7edebbc-7a4d-430a-a2a4-77865dea7800" />
  <Project Path="37_OOP_Inheritance/37_OOP_Inheritance.csproj" Id="4f132e52-b605-424a-a825-26d88cd78359" />
  <Project Path="37_OOP_Inheritance_2/37_OOP_Inheritance_2.csproj" Id="706e38d4-0a33-42d7-96ca-f3c68ecfd43e" />
</Solution>
